---
- name: Overclock setup
  when: overclock is defined
  become: true
  block:
    - name: Overclock - voltage
      ansible.builtin.lineinfile:
        path: "{{ boot_config_file }}"
        regexp: "^over_voltage="
        line: "over_voltage=2"
        insertbefore: "arm_freq="
        state: "{{ overclock | ternary('present', 'absent') }}"
      notify: reboot host

    - name: Overclock - CPU frequency
      ansible.builtin.lineinfile:
        path: "{{ boot_config_file }}"
        regexp: "^arm_freq="
        line: "arm_freq=1750"
        insertafter: "^over_voltage="
        state: "{{ overclock | ternary('present', 'absent') }}"
      notify: reboot host
